Microsoft Visual Studio Solution File, Format Version 12.00
# Visual Studio Version 17
VisualStudioVersion = 17.5.2.0
MinimumVisualStudioVersion = 10.0.40219.1
Project("{FAE04EC0-301F-11D3-BF4B-00C04F79EFBC}") = "SemanticNetDemo", "SemanticNetDemo.csproj", "{FD724FB9-067C-733A-32EB-A589D23B1AD8}"
EndProject
Global
	GlobalSection(SolutionConfigurationPlatforms) = preSolution
		Debug|Any CPU = Debug|Any CPU
		Release|Any CPU = Release|Any CPU
	EndGlobalSection
	GlobalSection(ProjectConfigurationPlatforms) = postSolution
		{FD724FB9-067C-733A-32EB-A589D23B1AD8}.Debug|Any CPU.ActiveCfg = Debug|Any CPU
		{FD724FB9-067C-733A-32EB-A589D23B1AD8}.Debug|Any CPU.Build.0 = Debug|Any CPU
		{FD724FB9-067C-733A-32EB-A589D23B1AD8}.Release|Any CPU.ActiveCfg = Release|Any CPU
		{FD724FB9-067C-733A-32EB-A589D23B1AD8}.Release|Any CPU.Build.0 = Release|Any CPU
	EndGlobalSection
	GlobalSection(SolutionProperties) = preSolution
		HideSolutionNode = FALSE
	EndGlobalSection
	GlobalSection(ExtensibilityGlobals) = postSolution
		SolutionGuid = {DC26CF11-E713-4403-8379-9F840248B419}
	EndGlobalSection
EndGlobal
